
Microsoft Visual Studio Solution File, Format Version 12.00
# Visual Studio 15
VisualStudioVersion = 15.0.28307.271
MinimumVisualStudioVersion = 10.0.40219.1
Project("{FAE04EC0-301F-11D3-BF4B-00C04F79EFBC}") = "MP.AspNetCore.Swagger.Demo", "MP.AspNetCore.Swagger.Demo\MP.AspNetCore.Swagger.Demo.csproj", "{BF161420-06F8-400A-813F-9B31793C479D}"
EndProject
Global
	GlobalSection(SolutionConfigurationPlatforms) = preSolution
		Debug|Any CPU = Debug|Any CPU
		Release|Any CPU = Release|Any CPU
	EndGlobalSection
	GlobalSection(ProjectConfigurationPlatforms) = postSolution
		{BF161420-06F8-400A-813F-9B31793C479D}.Debug|Any CPU.ActiveCfg = Debug|Any CPU
		{BF161420-06F8-400A-813F-9B31793C479D}.Debug|Any CPU.Build.0 = Debug|Any CPU
		{BF161420-06F8-400A-813F-9B31793C479D}.Release|Any CPU.ActiveCfg = Release|Any CPU
		{BF161420-06F8-400A-813F-9B31793C479D}.Release|Any CPU.Build.0 = Release|Any CPU
	EndGlobalSection
	GlobalSection(SolutionProperties) = preSolution
		HideSolutionNode = FALSE
	EndGlobalSection
	GlobalSection(ExtensibilityGlobals) = postSolution
		SolutionGuid = {A2591845-BF14-4C30-A7FA-0C744FAAAC5E}
	EndGlobalSection
EndGlobal
